
Microsoft Visual Studio Solution File, Format Version 12.00
# Visual Studio Version 17
VisualStudioVersion = 17.5.33516.290
MinimumVisualStudioVersion = 10.0.40219.1
Project("{FAE04EC0-301F-11D3-BF4B-00C04F79EFBC}") = "ПР5", "ПР5\ПР5.csproj", "{9579B79D-65F4-4E0F-981E-B875FB84A182}"
EndProject
Global
	GlobalSection(SolutionConfigurationPlatforms) = preSolution
		Debug|Any CPU = Debug|Any CPU
		Release|Any CPU = Release|Any CPU
	EndGlobalSection
	GlobalSection(ProjectConfigurationPlatforms) = postSolution
		{9579B79D-65F4-4E0F-981E-B875FB84A182}.Debug|Any CPU.ActiveCfg = Debug|Any CPU
		{9579B79D-65F4-4E0F-981E-B875FB84A182}.Debug|Any CPU.Build.0 = Debug|Any CPU
		{9579B79D-65F4-4E0F-981E-B875FB84A182}.Release|Any CPU.ActiveCfg = Release|Any CPU
		{9579B79D-65F4-4E0F-981E-B875FB84A182}.Release|Any CPU.Build.0 = Release|Any CPU
	EndGlobalSection
	GlobalSection(SolutionProperties) = preSolution
		HideSolutionNode = FALSE
	EndGlobalSection
	GlobalSection(ExtensibilityGlobals) = postSolution
		SolutionGuid = {E7EE1149-2A2D-4F27-90A9-2CCBF7A22819}
	EndGlobalSection
EndGlobal
